
Microsoft Visual Studio Solution File, Format Version 12.00
# Visual Studio 15
VisualStudioVersion = 15.0.28010.2048
MinimumVisualStudioVersion = 10.0.40219.1
Project("{FAE04EC0-301F-11D3-BF4B-00C04F79EFBC}") = "GameSpyLib", "GameSpyLib\GameSpyLib.csproj", "{C5F58EB7-E1B8-48C1-B4B0-0248ADB3887D}"
EndProject
Project("{FAE04EC0-301F-11D3-BF4B-00C04F79EFBC}") = "RetroSpyServer", "RetroSpyServer\RetroSpyServer.csproj", "{8DF1A031-6966-43FE-8A3E-199B75CD5393}"
EndProject
Global
	GlobalSection(SolutionConfigurationPlatforms) = preSolution
		Debug|Any CPU = Debug|Any CPU
		Release|Any CPU = Release|Any CPU
	EndGlobalSection
	GlobalSection(ProjectConfigurationPlatforms) = postSolution
		{C5F58EB7-E1B8-48C1-B4B0-0248ADB3887D}.Debug|Any CPU.ActiveCfg = Debug|Any CPU
		{C5F58EB7-E1B8-48C1-B4B0-0248ADB3887D}.Debug|Any CPU.Build.0 = Debug|Any CPU
		{C5F58EB7-E1B8-48C1-B4B0-0248ADB3887D}.Release|Any CPU.ActiveCfg = Release|Any CPU
		{C5F58EB7-E1B8-48C1-B4B0-0248ADB3887D}.Release|Any CPU.Build.0 = Release|Any CPU
		{8DF1A031-6966-43FE-8A3E-199B75CD5393}.Debug|Any CPU.ActiveCfg = Debug|Any CPU
		{8DF1A031-6966-43FE-8A3E-199B75CD5393}.Debug|Any CPU.Build.0 = Debug|Any CPU
		{8DF1A031-6966-43FE-8A3E-199B75CD5393}.Release|Any CPU.ActiveCfg = Release|Any CPU
		{8DF1A031-6966-43FE-8A3E-199B75CD5393}.Release|Any CPU.Build.0 = Release|Any CPU
	EndGlobalSection
	GlobalSection(SolutionProperties) = preSolution
		HideSolutionNode = FALSE
	EndGlobalSection
	GlobalSection(ExtensibilityGlobals) = postSolution
		SolutionGuid = {F286A822-2C93-4C46-B8BA-FF1C4847B719}
	EndGlobalSection
EndGlobal
