
Microsoft Visual Studio Solution File, Format Version 12.00
# Visual Studio Version 16
VisualStudioVersion = 16.0.28803.202
MinimumVisualStudioVersion = 10.0.40219.1
Project("{2150E333-8FDC-42A3-9474-1A3956D46DE8}") = "Common files", "Common files", "{23F365AE-997B-40B2-A90D-82479E489EE4}"
	ProjectSection(SolutionItems) = preProject
		CONVERTING C Plus Plus CODE TO CSharp CODE.MD = CONVERTING C Plus Plus CODE TO CSharp CODE.MD
		README.MD = README.MD
		UdpProcess.txt = UdpProcess.txt
	EndProjectSection
EndProject
Project("{9A19103F-16F7-4668-BE54-9A1E7A4F7556}") = "GameSpyLib", "GameSpyLib\GameSpyLib.csproj", "{0B6E6DDD-6120-44E1-B2E0-CF71918B6236}"
EndProject
Project("{9A19103F-16F7-4668-BE54-9A1E7A4F7556}") = "RetroSpyServer", "RetroSpyServer\RetroSpyServer.csproj", "{0B78D671-E09D-43BC-B3C9-060198749102}"
EndProject
Global
	GlobalSection(SolutionConfigurationPlatforms) = preSolution
		Debug|Any CPU = Debug|Any CPU
		Release|Any CPU = Release|Any CPU
	EndGlobalSection
	GlobalSection(ProjectConfigurationPlatforms) = postSolution
		{0B6E6DDD-6120-44E1-B2E0-CF71918B6236}.Debug|Any CPU.ActiveCfg = Debug|Any CPU
		{0B6E6DDD-6120-44E1-B2E0-CF71918B6236}.Debug|Any CPU.Build.0 = Debug|Any CPU
		{0B6E6DDD-6120-44E1-B2E0-CF71918B6236}.Release|Any CPU.ActiveCfg = Release|Any CPU
		{0B6E6DDD-6120-44E1-B2E0-CF71918B6236}.Release|Any CPU.Build.0 = Release|Any CPU
		{0B78D671-E09D-43BC-B3C9-060198749102}.Debug|Any CPU.ActiveCfg = Debug|Any CPU
		{0B78D671-E09D-43BC-B3C9-060198749102}.Debug|Any CPU.Build.0 = Debug|Any CPU
		{0B78D671-E09D-43BC-B3C9-060198749102}.Release|Any CPU.ActiveCfg = Release|Any CPU
		{0B78D671-E09D-43BC-B3C9-060198749102}.Release|Any CPU.Build.0 = Release|Any CPU
	EndGlobalSection
	GlobalSection(SolutionProperties) = preSolution
		HideSolutionNode = FALSE
	EndGlobalSection
	GlobalSection(ExtensibilityGlobals) = postSolution
		SolutionGuid = {F286A822-2C93-4C46-B8BA-FF1C4847B719}
	EndGlobalSection
EndGlobal
