
Microsoft Visual Studio Solution File, Format Version 12.00
# Visual Studio Version 17
VisualStudioVersion = 17.0.31612.314
MinimumVisualStudioVersion = 10.0.40219.1
Project("{2150E333-8FDC-42A3-9474-1A3956D46DE8}") = "src", "src", "{641DEB14-12A9-468A-BB0F-65F87909DA16}"
EndProject
Project("{2150E333-8FDC-42A3-9474-1A3956D46DE8}") = "Servers", "Servers", "{EBF19CC8-39E4-490E-8BAB-4B0C2FADAC98}"
EndProject
Project("{2150E333-8FDC-42A3-9474-1A3956D46DE8}") = "CDKey", "CDKey", "{E1FC2C30-1730-4354-A80D-28051FCE0A8F}"
EndProject
Project("{FAE04EC0-301F-11D3-BF4B-00C04F79EFBC}") = "UniSpyServer.Servers.CDKey", "src\Servers\CDKey\src\UniSpyServer.Servers.CDKey.csproj", "{D819E99A-297C-4415-94A8-584D96A411EB}"
EndProject
Project("{2150E333-8FDC-42A3-9474-1A3956D46DE8}") = "Chat", "Chat", "{BC1F1EF3-7152-4284-9EDA-AAE8825388A3}"
EndProject
Project("{FAE04EC0-301F-11D3-BF4B-00C04F79EFBC}") = "UniSpyServer.Servers.Chat", "src\Servers\Chat\src\UniSpyServer.Servers.Chat.csproj", "{29BDDFB0-54FA-4057-BEC5-5B3DCD1DE212}"
EndProject
Project("{2150E333-8FDC-42A3-9474-1A3956D46DE8}") = "NatNegotiation", "NatNegotiation", "{09E88199-24C9-45BC-B043-7D636D4BCDF0}"
EndProject
Project("{FAE04EC0-301F-11D3-BF4B-00C04F79EFBC}") = "UniSpyServer.Servers.NatNegotiation", "src\Servers\NatNegotiation\src\UniSpyServer.Servers.NatNegotiation.csproj", "{8FCED8D1-D6CC-44BC-9CDA-9F0C1C786453}"
EndProject
Project("{2150E333-8FDC-42A3-9474-1A3956D46DE8}") = "GameStatus", "GameStatus", "{79343A9E-5F1A-490C-AA3F-68B1F03A8CEF}"
EndProject
Project("{FAE04EC0-301F-11D3-BF4B-00C04F79EFBC}") = "UniSpyServer.Servers.GameStatus", "src\Servers\GameStatus\src\UniSpyServer.Servers.GameStatus.csproj", "{DCB6AB5F-4B6F-4B2D-83CB-F539DA614A5E}"
EndProject
Project("{2150E333-8FDC-42A3-9474-1A3956D46DE8}") = "PresenceConnectionManager", "PresenceConnectionManager", "{945EB98D-95C4-415B-8C00-C7682683FAA3}"
EndProject
Project("{FAE04EC0-301F-11D3-BF4B-00C04F79EFBC}") = "UniSpyServer.Servers.PresenceConnectionManager", "src\Servers\PresenceConnectionManager\src\UniSpyServer.Servers.PresenceConnectionManager.csproj", "{23683C7C-23E6-443C-AB41-3F28EA1B2FC0}"
EndProject
Project("{2150E333-8FDC-42A3-9474-1A3956D46DE8}") = "PresenceSearchPlayer", "PresenceSearchPlayer", "{17ABC2A8-9E3B-4CE1-AD13-A3780B0B07F0}"
EndProject
Project("{FAE04EC0-301F-11D3-BF4B-00C04F79EFBC}") = "UniSpyServer.Servers.PresenceSearchPlayer", "src\Servers\PresenceSearchPlayer\src\UniSpyServer.Servers.PresenceSearchPlayer.csproj", "{0B1AA7F3-09C4-4D8B-AB54-D500BF0B2537}"
EndProject
Project("{2150E333-8FDC-42A3-9474-1A3956D46DE8}") = "QueryReport", "QueryReport", "{D9FA7414-F8AB-4195-A483-474BF96467E6}"
EndProject
Project("{FAE04EC0-301F-11D3-BF4B-00C04F79EFBC}") = "UniSpyServer.Servers.QueryReport", "src\Servers\QueryReport\src\UniSpyServer.Servers.QueryReport.csproj", "{2EE9F419-409D-4F43-A541-BBBAD6FEDCA2}"
EndProject
Project("{2150E333-8FDC-42A3-9474-1A3956D46DE8}") = "ServerBrowser", "ServerBrowser", "{520D01A8-B487-4B27-B33A-8ACB97F57BA5}"
EndProject
Project("{FAE04EC0-301F-11D3-BF4B-00C04F79EFBC}") = "UniSpyServer.Servers.ServerBrowser", "src\Servers\ServerBrowser\src\UniSpyServer.Servers.ServerBrowser.csproj", "{B4049A31-CEC8-4310-957D-1FBCBBDEC413}"
EndProject
Project("{2150E333-8FDC-42A3-9474-1A3956D46DE8}") = "WebServer", "WebServer", "{79E8F708-7806-4EF5-A8D9-22AE31053124}"
EndProject
Project("{FAE04EC0-301F-11D3-BF4B-00C04F79EFBC}") = "UniSpyServer.Servers.WebServer", "src\Servers\WebServer\src\UniSpyServer.Servers.WebServer.csproj", "{4D8EA982-3285-4637-9010-310FCA5B254A}"
EndProject
Global
	GlobalSection(SolutionConfigurationPlatforms) = preSolution
		Debug|Any CPU = Debug|Any CPU
		Debug|x64 = Debug|x64
		Debug|x86 = Debug|x86
		Release|Any CPU = Release|Any CPU
		Release|x64 = Release|x64
		Release|x86 = Release|x86
	EndGlobalSection
	GlobalSection(ProjectConfigurationPlatforms) = postSolution
		{D819E99A-297C-4415-94A8-584D96A411EB}.Debug|Any CPU.ActiveCfg = Debug|Any CPU
		{D819E99A-297C-4415-94A8-584D96A411EB}.Debug|Any CPU.Build.0 = Debug|Any CPU
		{D819E99A-297C-4415-94A8-584D96A411EB}.Debug|x64.ActiveCfg = Debug|Any CPU
		{D819E99A-297C-4415-94A8-584D96A411EB}.Debug|x64.Build.0 = Debug|Any CPU
		{D819E99A-297C-4415-94A8-584D96A411EB}.Debug|x86.ActiveCfg = Debug|Any CPU
		{D819E99A-297C-4415-94A8-584D96A411EB}.Debug|x86.Build.0 = Debug|Any CPU
		{D819E99A-297C-4415-94A8-584D96A411EB}.Release|Any CPU.ActiveCfg = Release|Any CPU
		{D819E99A-297C-4415-94A8-584D96A411EB}.Release|Any CPU.Build.0 = Release|Any CPU
		{D819E99A-297C-4415-94A8-584D96A411EB}.Release|x64.ActiveCfg = Release|Any CPU
		{D819E99A-297C-4415-94A8-584D96A411EB}.Release|x64.Build.0 = Release|Any CPU
		{D819E99A-297C-4415-94A8-584D96A411EB}.Release|x86.ActiveCfg = Release|Any CPU
		{D819E99A-297C-4415-94A8-584D96A411EB}.Release|x86.Build.0 = Release|Any CPU
		{29BDDFB0-54FA-4057-BEC5-5B3DCD1DE212}.Debug|Any CPU.ActiveCfg = Debug|Any CPU
		{29BDDFB0-54FA-4057-BEC5-5B3DCD1DE212}.Debug|Any CPU.Build.0 = Debug|Any CPU
		{29BDDFB0-54FA-4057-BEC5-5B3DCD1DE212}.Debug|x64.ActiveCfg = Debug|Any CPU
		{29BDDFB0-54FA-4057-BEC5-5B3DCD1DE212}.Debug|x64.Build.0 = Debug|Any CPU
		{29BDDFB0-54FA-4057-BEC5-5B3DCD1DE212}.Debug|x86.ActiveCfg = Debug|Any CPU
		{29BDDFB0-54FA-4057-BEC5-5B3DCD1DE212}.Debug|x86.Build.0 = Debug|Any CPU
		{29BDDFB0-54FA-4057-BEC5-5B3DCD1DE212}.Release|Any CPU.ActiveCfg = Release|Any CPU
		{29BDDFB0-54FA-4057-BEC5-5B3DCD1DE212}.Release|Any CPU.Build.0 = Release|Any CPU
		{29BDDFB0-54FA-4057-BEC5-5B3DCD1DE212}.Release|x64.ActiveCfg = Release|Any CPU
		{29BDDFB0-54FA-4057-BEC5-5B3DCD1DE212}.Release|x64.Build.0 = Release|Any CPU
		{29BDDFB0-54FA-4057-BEC5-5B3DCD1DE212}.Release|x86.ActiveCfg = Release|Any CPU
		{29BDDFB0-54FA-4057-BEC5-5B3DCD1DE212}.Release|x86.Build.0 = Release|Any CPU
		{8FCED8D1-D6CC-44BC-9CDA-9F0C1C786453}.Debug|Any CPU.ActiveCfg = Debug|Any CPU
		{8FCED8D1-D6CC-44BC-9CDA-9F0C1C786453}.Debug|Any CPU.Build.0 = Debug|Any CPU
		{8FCED8D1-D6CC-44BC-9CDA-9F0C1C786453}.Debug|x64.ActiveCfg = Debug|Any CPU
		{8FCED8D1-D6CC-44BC-9CDA-9F0C1C786453}.Debug|x64.Build.0 = Debug|Any CPU
		{8FCED8D1-D6CC-44BC-9CDA-9F0C1C786453}.Debug|x86.ActiveCfg = Debug|Any CPU
		{8FCED8D1-D6CC-44BC-9CDA-9F0C1C786453}.Debug|x86.Build.0 = Debug|Any CPU
		{8FCED8D1-D6CC-44BC-9CDA-9F0C1C786453}.Release|Any CPU.ActiveCfg = Release|Any CPU
		{8FCED8D1-D6CC-44BC-9CDA-9F0C1C786453}.Release|Any CPU.Build.0 = Release|Any CPU
		{8FCED8D1-D6CC-44BC-9CDA-9F0C1C786453}.Release|x64.ActiveCfg = Release|Any CPU
		{8FCED8D1-D6CC-44BC-9CDA-9F0C1C786453}.Release|x64.Build.0 = Release|Any CPU
		{8FCED8D1-D6CC-44BC-9CDA-9F0C1C786453}.Release|x86.ActiveCfg = Release|Any CPU
		{8FCED8D1-D6CC-44BC-9CDA-9F0C1C786453}.Release|x86.Build.0 = Release|Any CPU
		{DCB6AB5F-4B6F-4B2D-83CB-F539DA614A5E}.Debug|Any CPU.ActiveCfg = Debug|Any CPU
		{DCB6AB5F-4B6F-4B2D-83CB-F539DA614A5E}.Debug|Any CPU.Build.0 = Debug|Any CPU
		{DCB6AB5F-4B6F-4B2D-83CB-F539DA614A5E}.Debug|x64.ActiveCfg = Debug|Any CPU
		{DCB6AB5F-4B6F-4B2D-83CB-F539DA614A5E}.Debug|x64.Build.0 = Debug|Any CPU
		{DCB6AB5F-4B6F-4B2D-83CB-F539DA614A5E}.Debug|x86.ActiveCfg = Debug|Any CPU
		{DCB6AB5F-4B6F-4B2D-83CB-F539DA614A5E}.Debug|x86.Build.0 = Debug|Any CPU
		{DCB6AB5F-4B6F-4B2D-83CB-F539DA614A5E}.Release|Any CPU.ActiveCfg = Release|Any CPU
		{DCB6AB5F-4B6F-4B2D-83CB-F539DA614A5E}.Release|Any CPU.Build.0 = Release|Any CPU
		{DCB6AB5F-4B6F-4B2D-83CB-F539DA614A5E}.Release|x64.ActiveCfg = Release|Any CPU
		{DCB6AB5F-4B6F-4B2D-83CB-F539DA614A5E}.Release|x64.Build.0 = Release|Any CPU
		{DCB6AB5F-4B6F-4B2D-83CB-F539DA614A5E}.Release|x86.ActiveCfg = Release|Any CPU
		{DCB6AB5F-4B6F-4B2D-83CB-F539DA614A5E}.Release|x86.Build.0 = Release|Any CPU
		{23683C7C-23E6-443C-AB41-3F28EA1B2FC0}.Debug|Any CPU.ActiveCfg = Debug|Any CPU
		{23683C7C-23E6-443C-AB41-3F28EA1B2FC0}.Debug|Any CPU.Build.0 = Debug|Any CPU
		{23683C7C-23E6-443C-AB41-3F28EA1B2FC0}.Debug|x64.ActiveCfg = Debug|Any CPU
		{23683C7C-23E6-443C-AB41-3F28EA1B2FC0}.Debug|x64.Build.0 = Debug|Any CPU
		{23683C7C-23E6-443C-AB41-3F28EA1B2FC0}.Debug|x86.ActiveCfg = Debug|Any CPU
		{23683C7C-23E6-443C-AB41-3F28EA1B2FC0}.Debug|x86.Build.0 = Debug|Any CPU
		{23683C7C-23E6-443C-AB41-3F28EA1B2FC0}.Release|Any CPU.ActiveCfg = Release|Any CPU
		{23683C7C-23E6-443C-AB41-3F28EA1B2FC0}.Release|Any CPU.Build.0 = Release|Any CPU
		{23683C7C-23E6-443C-AB41-3F28EA1B2FC0}.Release|x64.ActiveCfg = Release|Any CPU
		{23683C7C-23E6-443C-AB41-3F28EA1B2FC0}.Release|x64.Build.0 = Release|Any CPU
		{23683C7C-23E6-443C-AB41-3F28EA1B2FC0}.Release|x86.ActiveCfg = Release|Any CPU
		{23683C7C-23E6-443C-AB41-3F28EA1B2FC0}.Release|x86.Build.0 = Release|Any CPU
		{0B1AA7F3-09C4-4D8B-AB54-D500BF0B2537}.Debug|Any CPU.ActiveCfg = Debug|Any CPU
		{0B1AA7F3-09C4-4D8B-AB54-D500BF0B2537}.Debug|Any CPU.Build.0 = Debug|Any CPU
		{0B1AA7F3-09C4-4D8B-AB54-D500BF0B2537}.Debug|x64.ActiveCfg = Debug|Any CPU
		{0B1AA7F3-09C4-4D8B-AB54-D500BF0B2537}.Debug|x64.Build.0 = Debug|Any CPU
		{0B1AA7F3-09C4-4D8B-AB54-D500BF0B2537}.Debug|x86.ActiveCfg = Debug|Any CPU
		{0B1AA7F3-09C4-4D8B-AB54-D500BF0B2537}.Debug|x86.Build.0 = Debug|Any CPU
		{0B1AA7F3-09C4-4D8B-AB54-D500BF0B2537}.Release|Any CPU.ActiveCfg = Release|Any CPU
		{0B1AA7F3-09C4-4D8B-AB54-D500BF0B2537}.Release|Any CPU.Build.0 = Release|Any CPU
		{0B1AA7F3-09C4-4D8B-AB54-D500BF0B2537}.Release|x64.ActiveCfg = Release|Any CPU
		{0B1AA7F3-09C4-4D8B-AB54-D500BF0B2537}.Release|x64.Build.0 = Release|Any CPU
		{0B1AA7F3-09C4-4D8B-AB54-D500BF0B2537}.Release|x86.ActiveCfg = Release|Any CPU
		{0B1AA7F3-09C4-4D8B-AB54-D500BF0B2537}.Release|x86.Build.0 = Release|Any CPU
		{2EE9F419-409D-4F43-A541-BBBAD6FEDCA2}.Debug|Any CPU.ActiveCfg = Debug|Any CPU
		{2EE9F419-409D-4F43-A541-BBBAD6FEDCA2}.Debug|Any CPU.Build.0 = Debug|Any CPU
		{2EE9F419-409D-4F43-A541-BBBAD6FEDCA2}.Debug|x64.ActiveCfg = Debug|Any CPU
		{2EE9F419-409D-4F43-A541-BBBAD6FEDCA2}.Debug|x64.Build.0 = Debug|Any CPU
		{2EE9F419-409D-4F43-A541-BBBAD6FEDCA2}.Debug|x86.ActiveCfg = Debug|Any CPU
		{2EE9F419-409D-4F43-A541-BBBAD6FEDCA2}.Debug|x86.Build.0 = Debug|Any CPU
		{2EE9F419-409D-4F43-A541-BBBAD6FEDCA2}.Release|Any CPU.ActiveCfg = Release|Any CPU
		{2EE9F419-409D-4F43-A541-BBBAD6FEDCA2}.Release|Any CPU.Build.0 = Release|Any CPU
		{2EE9F419-409D-4F43-A541-BBBAD6FEDCA2}.Release|x64.ActiveCfg = Release|Any CPU
		{2EE9F419-409D-4F43-A541-BBBAD6FEDCA2}.Release|x64.Build.0 = Release|Any CPU
		{2EE9F419-409D-4F43-A541-BBBAD6FEDCA2}.Release|x86.ActiveCfg = Release|Any CPU
		{2EE9F419-409D-4F43-A541-BBBAD6FEDCA2}.Release|x86.Build.0 = Release|Any CPU
		{B4049A31-CEC8-4310-957D-1FBCBBDEC413}.Debug|Any CPU.ActiveCfg = Debug|Any CPU
		{B4049A31-CEC8-4310-957D-1FBCBBDEC413}.Debug|Any CPU.Build.0 = Debug|Any CPU
		{B4049A31-CEC8-4310-957D-1FBCBBDEC413}.Debug|x64.ActiveCfg = Debug|Any CPU
		{B4049A31-CEC8-4310-957D-1FBCBBDEC413}.Debug|x64.Build.0 = Debug|Any CPU
		{B4049A31-CEC8-4310-957D-1FBCBBDEC413}.Debug|x86.ActiveCfg = Debug|Any CPU
		{B4049A31-CEC8-4310-957D-1FBCBBDEC413}.Debug|x86.Build.0 = Debug|Any CPU
		{B4049A31-CEC8-4310-957D-1FBCBBDEC413}.Release|Any CPU.ActiveCfg = Release|Any CPU
		{B4049A31-CEC8-4310-957D-1FBCBBDEC413}.Release|Any CPU.Build.0 = Release|Any CPU
		{B4049A31-CEC8-4310-957D-1FBCBBDEC413}.Release|x64.ActiveCfg = Release|Any CPU
		{B4049A31-CEC8-4310-957D-1FBCBBDEC413}.Release|x64.Build.0 = Release|Any CPU
		{B4049A31-CEC8-4310-957D-1FBCBBDEC413}.Release|x86.ActiveCfg = Release|Any CPU
		{B4049A31-CEC8-4310-957D-1FBCBBDEC413}.Release|x86.Build.0 = Release|Any CPU
		{4D8EA982-3285-4637-9010-310FCA5B254A}.Debug|Any CPU.ActiveCfg = Debug|Any CPU
		{4D8EA982-3285-4637-9010-310FCA5B254A}.Debug|Any CPU.Build.0 = Debug|Any CPU
		{4D8EA982-3285-4637-9010-310FCA5B254A}.Debug|x64.ActiveCfg = Debug|Any CPU
		{4D8EA982-3285-4637-9010-310FCA5B254A}.Debug|x64.Build.0 = Debug|Any CPU
		{4D8EA982-3285-4637-9010-310FCA5B254A}.Debug|x86.ActiveCfg = Debug|Any CPU
		{4D8EA982-3285-4637-9010-310FCA5B254A}.Debug|x86.Build.0 = Debug|Any CPU
		{4D8EA982-3285-4637-9010-310FCA5B254A}.Release|Any CPU.ActiveCfg = Release|Any CPU
		{4D8EA982-3285-4637-9010-310FCA5B254A}.Release|Any CPU.Build.0 = Release|Any CPU
		{4D8EA982-3285-4637-9010-310FCA5B254A}.Release|x64.ActiveCfg = Release|Any CPU
		{4D8EA982-3285-4637-9010-310FCA5B254A}.Release|x64.Build.0 = Release|Any CPU
		{4D8EA982-3285-4637-9010-310FCA5B254A}.Release|x86.ActiveCfg = Release|Any CPU
		{4D8EA982-3285-4637-9010-310FCA5B254A}.Release|x86.Build.0 = Release|Any CPU
	EndGlobalSection
	GlobalSection(NestedProjects) = preSolution
		{EBF19CC8-39E4-490E-8BAB-4B0C2FADAC98} = {641DEB14-12A9-468A-BB0F-65F87909DA16}
		{E1FC2C30-1730-4354-A80D-28051FCE0A8F} = {EBF19CC8-39E4-490E-8BAB-4B0C2FADAC98}
		{D819E99A-297C-4415-94A8-584D96A411EB} = {E1FC2C30-1730-4354-A80D-28051FCE0A8F}
		{BC1F1EF3-7152-4284-9EDA-AAE8825388A3} = {EBF19CC8-39E4-490E-8BAB-4B0C2FADAC98}
		{29BDDFB0-54FA-4057-BEC5-5B3DCD1DE212} = {BC1F1EF3-7152-4284-9EDA-AAE8825388A3}
		{09E88199-24C9-45BC-B043-7D636D4BCDF0} = {EBF19CC8-39E4-490E-8BAB-4B0C2FADAC98}
		{8FCED8D1-D6CC-44BC-9CDA-9F0C1C786453} = {09E88199-24C9-45BC-B043-7D636D4BCDF0}
		{79343A9E-5F1A-490C-AA3F-68B1F03A8CEF} = {EBF19CC8-39E4-490E-8BAB-4B0C2FADAC98}
		{DCB6AB5F-4B6F-4B2D-83CB-F539DA614A5E} = {79343A9E-5F1A-490C-AA3F-68B1F03A8CEF}
		{945EB98D-95C4-415B-8C00-C7682683FAA3} = {EBF19CC8-39E4-490E-8BAB-4B0C2FADAC98}
		{23683C7C-23E6-443C-AB41-3F28EA1B2FC0} = {945EB98D-95C4-415B-8C00-C7682683FAA3}
		{17ABC2A8-9E3B-4CE1-AD13-A3780B0B07F0} = {EBF19CC8-39E4-490E-8BAB-4B0C2FADAC98}
		{0B1AA7F3-09C4-4D8B-AB54-D500BF0B2537} = {17ABC2A8-9E3B-4CE1-AD13-A3780B0B07F0}
		{D9FA7414-F8AB-4195-A483-474BF96467E6} = {EBF19CC8-39E4-490E-8BAB-4B0C2FADAC98}
		{2EE9F419-409D-4F43-A541-BBBAD6FEDCA2} = {D9FA7414-F8AB-4195-A483-474BF96467E6}
		{520D01A8-B487-4B27-B33A-8ACB97F57BA5} = {EBF19CC8-39E4-490E-8BAB-4B0C2FADAC98}
		{B4049A31-CEC8-4310-957D-1FBCBBDEC413} = {520D01A8-B487-4B27-B33A-8ACB97F57BA5}
		{79E8F708-7806-4EF5-A8D9-22AE31053124} = {EBF19CC8-39E4-490E-8BAB-4B0C2FADAC98}
		{4D8EA982-3285-4637-9010-310FCA5B254A} = {79E8F708-7806-4EF5-A8D9-22AE31053124}
	EndGlobalSection
EndGlobal
