
Microsoft Visual Studio Solution File, Format Version 12.00
# Visual Studio Version 16
VisualStudioVersion = 16.0.32228.343
MinimumVisualStudioVersion = 10.0.40219.1
Project("{2150E333-8FDC-42A3-9474-1A3956D46DE8}") = "Servers", "Servers", "{EBF19CC8-39E4-490E-8BAB-4B0C2FADAC98}"
EndProject
Project("{2150E333-8FDC-42A3-9474-1A3956D46DE8}") = "CDKey", "CDKey", "{E1FC2C30-1730-4354-A80D-28051FCE0A8F}"
EndProject
Project("{9A19103F-16F7-4668-BE54-9A1E7A4F7556}") = "UniSpyServer.Servers.CDKey", "src\Servers\CDKey\src\UniSpyServer.Servers.CDKey.csproj", "{D819E99A-297C-4415-94A8-584D96A411EB}"
EndProject
Project("{2150E333-8FDC-42A3-9474-1A3956D46DE8}") = "Chat", "Chat", "{BC1F1EF3-7152-4284-9EDA-AAE8825388A3}"
EndProject
Project("{9A19103F-16F7-4668-BE54-9A1E7A4F7556}") = "UniSpyServer.Servers.Chat", "src\Servers\Chat\src\UniSpyServer.Servers.Chat.csproj", "{29BDDFB0-54FA-4057-BEC5-5B3DCD1DE212}"
EndProject
Project("{2150E333-8FDC-42A3-9474-1A3956D46DE8}") = "NatNegotiation", "NatNegotiation", "{09E88199-24C9-45BC-B043-7D636D4BCDF0}"
EndProject
Project("{9A19103F-16F7-4668-BE54-9A1E7A4F7556}") = "UniSpyServer.Servers.NatNegotiation", "src\Servers\NatNegotiation\src\UniSpyServer.Servers.NatNegotiation.csproj", "{8FCED8D1-D6CC-44BC-9CDA-9F0C1C786453}"
EndProject
Project("{2150E333-8FDC-42A3-9474-1A3956D46DE8}") = "GameStatus", "GameStatus", "{79343A9E-5F1A-490C-AA3F-68B1F03A8CEF}"
EndProject
Project("{9A19103F-16F7-4668-BE54-9A1E7A4F7556}") = "UniSpyServer.Servers.GameStatus", "src\Servers\GameStatus\src\UniSpyServer.Servers.GameStatus.csproj", "{DCB6AB5F-4B6F-4B2D-83CB-F539DA614A5E}"
EndProject
Project("{2150E333-8FDC-42A3-9474-1A3956D46DE8}") = "PresenceConnectionManager", "PresenceConnectionManager", "{945EB98D-95C4-415B-8C00-C7682683FAA3}"
EndProject
Project("{9A19103F-16F7-4668-BE54-9A1E7A4F7556}") = "UniSpyServer.Servers.PresenceConnectionManager", "src\Servers\PresenceConnectionManager\src\UniSpyServer.Servers.PresenceConnectionManager.csproj", "{23683C7C-23E6-443C-AB41-3F28EA1B2FC0}"
EndProject
Project("{2150E333-8FDC-42A3-9474-1A3956D46DE8}") = "PresenceSearchPlayer", "PresenceSearchPlayer", "{17ABC2A8-9E3B-4CE1-AD13-A3780B0B07F0}"
EndProject
Project("{9A19103F-16F7-4668-BE54-9A1E7A4F7556}") = "UniSpyServer.Servers.PresenceSearchPlayer", "src\Servers\PresenceSearchPlayer\src\UniSpyServer.Servers.PresenceSearchPlayer.csproj", "{0B1AA7F3-09C4-4D8B-AB54-D500BF0B2537}"
EndProject
Project("{2150E333-8FDC-42A3-9474-1A3956D46DE8}") = "QueryReport", "QueryReport", "{D9FA7414-F8AB-4195-A483-474BF96467E6}"
EndProject
Project("{9A19103F-16F7-4668-BE54-9A1E7A4F7556}") = "UniSpyServer.Servers.QueryReport", "src\Servers\QueryReport\src\UniSpyServer.Servers.QueryReport.csproj", "{2EE9F419-409D-4F43-A541-BBBAD6FEDCA2}"
EndProject
Project("{2150E333-8FDC-42A3-9474-1A3956D46DE8}") = "ServerBrowser", "ServerBrowser", "{520D01A8-B487-4B27-B33A-8ACB97F57BA5}"
EndProject
Project("{9A19103F-16F7-4668-BE54-9A1E7A4F7556}") = "UniSpyServer.Servers.ServerBrowser", "src\Servers\ServerBrowser\src\UniSpyServer.Servers.ServerBrowser.csproj", "{B4049A31-CEC8-4310-957D-1FBCBBDEC413}"
EndProject
Project("{2150E333-8FDC-42A3-9474-1A3956D46DE8}") = "WebServer", "WebServer", "{79E8F708-7806-4EF5-A8D9-22AE31053124}"
EndProject
Project("{9A19103F-16F7-4668-BE54-9A1E7A4F7556}") = "UniSpyServer.Servers.WebServer", "src\Servers\WebServer\src\UniSpyServer.Servers.WebServer.csproj", "{4D8EA982-3285-4637-9010-310FCA5B254A}"
EndProject
Project("{9A19103F-16F7-4668-BE54-9A1E7A4F7556}") = "UniSpyServer.Servers.CDKey.Test", "src\Servers\CDKey\test\UniSpyServer.Servers.CDKey.Test.csproj", "{97547BC0-435D-49D5-BFE2-01D245C3E73E}"
EndProject
Project("{9A19103F-16F7-4668-BE54-9A1E7A4F7556}") = "UniSpyServer.Servers.Chat.Test", "src\Servers\Chat\test\UniSpyServer.Servers.Chat.Test.csproj", "{D065CD06-4296-416A-B47D-274D0B5F82E9}"
EndProject
Project("{9A19103F-16F7-4668-BE54-9A1E7A4F7556}") = "UniSpyServer.Servers.NatNegotiation.Test", "src\Servers\NatNegotiation\test\UniSpyServer.Servers.NatNegotiation.Test.csproj", "{381A72E9-DD7B-45CE-BCEC-D70DC3BEAAEC}"
EndProject
Project("{9A19103F-16F7-4668-BE54-9A1E7A4F7556}") = "UniSpyServer.Servers.PresenceConnectionManager.Test", "src\Servers\PresenceConnectionManager\test\UniSpyServer.Servers.PresenceConnectionManager.Test.csproj", "{EEDF9F97-98D4-465E-B8FB-0DDAE9219F72}"
EndProject
Project("{9A19103F-16F7-4668-BE54-9A1E7A4F7556}") = "UniSpyServer.Servers.PresenceSearchPlayer.Test", "src\Servers\PresenceSearchPlayer\test\UniSpyServer.Servers.PresenceSearchPlayer.Test.csproj", "{456B57D9-E3F7-46DF-AA27-5518C7647FD1}"
EndProject
Project("{9A19103F-16F7-4668-BE54-9A1E7A4F7556}") = "UniSpyServer.Servers.GameStatus.Test", "src\Servers\GameStatus\test\UniSpyServer.Servers.GameStatus.Test.csproj", "{B267E37A-96A5-418D-9A86-76C19564D205}"
EndProject
Project("{9A19103F-16F7-4668-BE54-9A1E7A4F7556}") = "UniSpyServer.Servers.QueryReport.Test", "src\Servers\QueryReport\test\UniSpyServer.Servers.QueryReport.Test.csproj", "{370CBE6A-76A2-4F49-BCD9-68FC79ED4171}"
EndProject
Project("{9A19103F-16F7-4668-BE54-9A1E7A4F7556}") = "UniSpyServer.Servers.ServerBrowser.Test", "src\Servers\ServerBrowser\test\UniSpyServer.Servers.ServerBrowser.Test.csproj", "{6017E174-2FC3-4BE9-9279-855BA7481AF3}"
EndProject
Project("{9A19103F-16F7-4668-BE54-9A1E7A4F7556}") = "UniSpyServer.Servers.WebServer.Test", "src\Servers\WebServer\test\UniSpyServer.Servers.WebServer.Test.csproj", "{E10E3BFC-F5C8-4E70-AC3C-1DC6743BD4D8}"
EndProject
Project("{2150E333-8FDC-42A3-9474-1A3956D46DE8}") = "Libraries", "Libraries", "{FD5B4D88-8BDA-4513-BBA1-9F31B9D64BB5}"
EndProject
Project("{9A19103F-16F7-4668-BE54-9A1E7A4F7556}") = "UniSpyServer.Libraries.UniSpyLib", "src\Libraries\UniSpyLib\src\UniSpyServer.Libraries.UniSpyLib.csproj", "{D902FBA8-5B07-452E-9A0B-3381D49ABB9B}"
EndProject
Project("{9A19103F-16F7-4668-BE54-9A1E7A4F7556}") = "UniSpyServer.LinqToRedis", "src\Libraries\LinqToRedis\src\UniSpyServer.LinqToRedis.csproj", "{7780907C-CABF-4CCD-9039-7C17CC7391F9}"
EndProject
Project("{2150E333-8FDC-42A3-9474-1A3956D46DE8}") = "GameTrafficRelay", "GameTrafficRelay", "{EF1CA185-B3C8-4F0A-B134-1114CB51E97D}"
EndProject
Project("{9A19103F-16F7-4668-BE54-9A1E7A4F7556}") = "UniSpyServer.Servers.GameTrafficRelay", "src\Servers\GameTrafficRelay\src\UniSpyServer.Servers.GameTrafficRelay.csproj", "{555A87B1-5FFE-4F24-B665-160693901D25}"
EndProject
Project("{9A19103F-16F7-4668-BE54-9A1E7A4F7556}") = "UniSpyServer.Servers.GameTrafficRelay.Test", "src\Servers\GameTrafficRelay\test\UniSpyServer.Servers.GameTrafficRelay.Test.csproj", "{FD4B4018-7283-41DB-AC57-AB62760269FB}"
EndProject
Project("{2150E333-8FDC-42A3-9474-1A3956D46DE8}") = "src", "src", "{B46172F1-8E97-4934-9969-3957B9129736}"
EndProject
Project("{2150E333-8FDC-42A3-9474-1A3956D46DE8}") = "Libraries", "Libraries", "{8B1B77AA-ED59-4B6F-8926-A65AAF28A713}"
EndProject
Project("{2150E333-8FDC-42A3-9474-1A3956D46DE8}") = "LinqToRedis", "LinqToRedis", "{98525275-1CA4-421F-AF18-12E906536814}"
EndProject
Project("{FAE04EC0-301F-11D3-BF4B-00C04F79EFBC}") = "UniSpy.LinqToRedis.Test", "src\Libraries\LinqToRedis\test\UniSpy.LinqToRedis.Test.csproj", "{84DB61D5-C2DC-40D7-A67B-1729E85F7DF3}"
EndProject
Project("{FAE04EC0-301F-11D3-BF4B-00C04F79EFBC}") = "UniSpyServer.Test", "src\test\UniSpyServer.Test.csproj", "{8A98B2B8-92E6-4649-92D7-77FB11E3C9C8}"
EndProject
Global
	GlobalSection(SolutionConfigurationPlatforms) = preSolution
		Debug|Any CPU = Debug|Any CPU
		Debug|x64 = Debug|x64
		Debug|x86 = Debug|x86
		Release|Any CPU = Release|Any CPU
		Release|x64 = Release|x64
		Release|x86 = Release|x86
	EndGlobalSection
	GlobalSection(ProjectConfigurationPlatforms) = postSolution
		{D819E99A-297C-4415-94A8-584D96A411EB}.Debug|Any CPU.ActiveCfg = Debug|Any CPU
		{D819E99A-297C-4415-94A8-584D96A411EB}.Debug|Any CPU.Build.0 = Debug|Any CPU
		{D819E99A-297C-4415-94A8-584D96A411EB}.Debug|x64.ActiveCfg = Debug|Any CPU
		{D819E99A-297C-4415-94A8-584D96A411EB}.Debug|x64.Build.0 = Debug|Any CPU
		{D819E99A-297C-4415-94A8-584D96A411EB}.Debug|x86.ActiveCfg = Debug|Any CPU
		{D819E99A-297C-4415-94A8-584D96A411EB}.Debug|x86.Build.0 = Debug|Any CPU
		{D819E99A-297C-4415-94A8-584D96A411EB}.Release|Any CPU.ActiveCfg = Release|Any CPU
		{D819E99A-297C-4415-94A8-584D96A411EB}.Release|Any CPU.Build.0 = Release|Any CPU
		{D819E99A-297C-4415-94A8-584D96A411EB}.Release|x64.ActiveCfg = Release|Any CPU
		{D819E99A-297C-4415-94A8-584D96A411EB}.Release|x64.Build.0 = Release|Any CPU
		{D819E99A-297C-4415-94A8-584D96A411EB}.Release|x86.ActiveCfg = Release|Any CPU
		{D819E99A-297C-4415-94A8-584D96A411EB}.Release|x86.Build.0 = Release|Any CPU
		{29BDDFB0-54FA-4057-BEC5-5B3DCD1DE212}.Debug|Any CPU.ActiveCfg = Debug|Any CPU
		{29BDDFB0-54FA-4057-BEC5-5B3DCD1DE212}.Debug|Any CPU.Build.0 = Debug|Any CPU
		{29BDDFB0-54FA-4057-BEC5-5B3DCD1DE212}.Debug|x64.ActiveCfg = Debug|Any CPU
		{29BDDFB0-54FA-4057-BEC5-5B3DCD1DE212}.Debug|x64.Build.0 = Debug|Any CPU
		{29BDDFB0-54FA-4057-BEC5-5B3DCD1DE212}.Debug|x86.ActiveCfg = Debug|Any CPU
		{29BDDFB0-54FA-4057-BEC5-5B3DCD1DE212}.Debug|x86.Build.0 = Debug|Any CPU
		{29BDDFB0-54FA-4057-BEC5-5B3DCD1DE212}.Release|Any CPU.ActiveCfg = Release|Any CPU
		{29BDDFB0-54FA-4057-BEC5-5B3DCD1DE212}.Release|Any CPU.Build.0 = Release|Any CPU
		{29BDDFB0-54FA-4057-BEC5-5B3DCD1DE212}.Release|x64.ActiveCfg = Release|Any CPU
		{29BDDFB0-54FA-4057-BEC5-5B3DCD1DE212}.Release|x64.Build.0 = Release|Any CPU
		{29BDDFB0-54FA-4057-BEC5-5B3DCD1DE212}.Release|x86.ActiveCfg = Release|Any CPU
		{29BDDFB0-54FA-4057-BEC5-5B3DCD1DE212}.Release|x86.Build.0 = Release|Any CPU
		{8FCED8D1-D6CC-44BC-9CDA-9F0C1C786453}.Debug|Any CPU.ActiveCfg = Debug|Any CPU
		{8FCED8D1-D6CC-44BC-9CDA-9F0C1C786453}.Debug|Any CPU.Build.0 = Debug|Any CPU
		{8FCED8D1-D6CC-44BC-9CDA-9F0C1C786453}.Debug|x64.ActiveCfg = Debug|Any CPU
		{8FCED8D1-D6CC-44BC-9CDA-9F0C1C786453}.Debug|x64.Build.0 = Debug|Any CPU
		{8FCED8D1-D6CC-44BC-9CDA-9F0C1C786453}.Debug|x86.ActiveCfg = Debug|Any CPU
		{8FCED8D1-D6CC-44BC-9CDA-9F0C1C786453}.Debug|x86.Build.0 = Debug|Any CPU
		{8FCED8D1-D6CC-44BC-9CDA-9F0C1C786453}.Release|Any CPU.ActiveCfg = Release|Any CPU
		{8FCED8D1-D6CC-44BC-9CDA-9F0C1C786453}.Release|Any CPU.Build.0 = Release|Any CPU
		{8FCED8D1-D6CC-44BC-9CDA-9F0C1C786453}.Release|x64.ActiveCfg = Release|Any CPU
		{8FCED8D1-D6CC-44BC-9CDA-9F0C1C786453}.Release|x64.Build.0 = Release|Any CPU
		{8FCED8D1-D6CC-44BC-9CDA-9F0C1C786453}.Release|x86.ActiveCfg = Release|Any CPU
		{8FCED8D1-D6CC-44BC-9CDA-9F0C1C786453}.Release|x86.Build.0 = Release|Any CPU
		{DCB6AB5F-4B6F-4B2D-83CB-F539DA614A5E}.Debug|Any CPU.ActiveCfg = Debug|Any CPU
		{DCB6AB5F-4B6F-4B2D-83CB-F539DA614A5E}.Debug|Any CPU.Build.0 = Debug|Any CPU
		{DCB6AB5F-4B6F-4B2D-83CB-F539DA614A5E}.Debug|x64.ActiveCfg = Debug|Any CPU
		{DCB6AB5F-4B6F-4B2D-83CB-F539DA614A5E}.Debug|x64.Build.0 = Debug|Any CPU
		{DCB6AB5F-4B6F-4B2D-83CB-F539DA614A5E}.Debug|x86.ActiveCfg = Debug|Any CPU
		{DCB6AB5F-4B6F-4B2D-83CB-F539DA614A5E}.Debug|x86.Build.0 = Debug|Any CPU
		{DCB6AB5F-4B6F-4B2D-83CB-F539DA614A5E}.Release|Any CPU.ActiveCfg = Release|Any CPU
		{DCB6AB5F-4B6F-4B2D-83CB-F539DA614A5E}.Release|Any CPU.Build.0 = Release|Any CPU
		{DCB6AB5F-4B6F-4B2D-83CB-F539DA614A5E}.Release|x64.ActiveCfg = Release|Any CPU
		{DCB6AB5F-4B6F-4B2D-83CB-F539DA614A5E}.Release|x64.Build.0 = Release|Any CPU
		{DCB6AB5F-4B6F-4B2D-83CB-F539DA614A5E}.Release|x86.ActiveCfg = Release|Any CPU
		{DCB6AB5F-4B6F-4B2D-83CB-F539DA614A5E}.Release|x86.Build.0 = Release|Any CPU
		{23683C7C-23E6-443C-AB41-3F28EA1B2FC0}.Debug|Any CPU.ActiveCfg = Debug|Any CPU
		{23683C7C-23E6-443C-AB41-3F28EA1B2FC0}.Debug|Any CPU.Build.0 = Debug|Any CPU
		{23683C7C-23E6-443C-AB41-3F28EA1B2FC0}.Debug|x64.ActiveCfg = Debug|Any CPU
		{23683C7C-23E6-443C-AB41-3F28EA1B2FC0}.Debug|x64.Build.0 = Debug|Any CPU
		{23683C7C-23E6-443C-AB41-3F28EA1B2FC0}.Debug|x86.ActiveCfg = Debug|Any CPU
		{23683C7C-23E6-443C-AB41-3F28EA1B2FC0}.Debug|x86.Build.0 = Debug|Any CPU
		{23683C7C-23E6-443C-AB41-3F28EA1B2FC0}.Release|Any CPU.ActiveCfg = Release|Any CPU
		{23683C7C-23E6-443C-AB41-3F28EA1B2FC0}.Release|Any CPU.Build.0 = Release|Any CPU
		{23683C7C-23E6-443C-AB41-3F28EA1B2FC0}.Release|x64.ActiveCfg = Release|Any CPU
		{23683C7C-23E6-443C-AB41-3F28EA1B2FC0}.Release|x64.Build.0 = Release|Any CPU
		{23683C7C-23E6-443C-AB41-3F28EA1B2FC0}.Release|x86.ActiveCfg = Release|Any CPU
		{23683C7C-23E6-443C-AB41-3F28EA1B2FC0}.Release|x86.Build.0 = Release|Any CPU
		{0B1AA7F3-09C4-4D8B-AB54-D500BF0B2537}.Debug|Any CPU.ActiveCfg = Debug|Any CPU
		{0B1AA7F3-09C4-4D8B-AB54-D500BF0B2537}.Debug|Any CPU.Build.0 = Debug|Any CPU
		{0B1AA7F3-09C4-4D8B-AB54-D500BF0B2537}.Debug|x64.ActiveCfg = Debug|Any CPU
		{0B1AA7F3-09C4-4D8B-AB54-D500BF0B2537}.Debug|x64.Build.0 = Debug|Any CPU
		{0B1AA7F3-09C4-4D8B-AB54-D500BF0B2537}.Debug|x86.ActiveCfg = Debug|Any CPU
		{0B1AA7F3-09C4-4D8B-AB54-D500BF0B2537}.Debug|x86.Build.0 = Debug|Any CPU
		{0B1AA7F3-09C4-4D8B-AB54-D500BF0B2537}.Release|Any CPU.ActiveCfg = Release|Any CPU
		{0B1AA7F3-09C4-4D8B-AB54-D500BF0B2537}.Release|Any CPU.Build.0 = Release|Any CPU
		{0B1AA7F3-09C4-4D8B-AB54-D500BF0B2537}.Release|x64.ActiveCfg = Release|Any CPU
		{0B1AA7F3-09C4-4D8B-AB54-D500BF0B2537}.Release|x64.Build.0 = Release|Any CPU
		{0B1AA7F3-09C4-4D8B-AB54-D500BF0B2537}.Release|x86.ActiveCfg = Release|Any CPU
		{0B1AA7F3-09C4-4D8B-AB54-D500BF0B2537}.Release|x86.Build.0 = Release|Any CPU
		{2EE9F419-409D-4F43-A541-BBBAD6FEDCA2}.Debug|Any CPU.ActiveCfg = Debug|Any CPU
		{2EE9F419-409D-4F43-A541-BBBAD6FEDCA2}.Debug|Any CPU.Build.0 = Debug|Any CPU
		{2EE9F419-409D-4F43-A541-BBBAD6FEDCA2}.Debug|x64.ActiveCfg = Debug|Any CPU
		{2EE9F419-409D-4F43-A541-BBBAD6FEDCA2}.Debug|x64.Build.0 = Debug|Any CPU
		{2EE9F419-409D-4F43-A541-BBBAD6FEDCA2}.Debug|x86.ActiveCfg = Debug|Any CPU
		{2EE9F419-409D-4F43-A541-BBBAD6FEDCA2}.Debug|x86.Build.0 = Debug|Any CPU
		{2EE9F419-409D-4F43-A541-BBBAD6FEDCA2}.Release|Any CPU.ActiveCfg = Release|Any CPU
		{2EE9F419-409D-4F43-A541-BBBAD6FEDCA2}.Release|Any CPU.Build.0 = Release|Any CPU
		{2EE9F419-409D-4F43-A541-BBBAD6FEDCA2}.Release|x64.ActiveCfg = Release|Any CPU
		{2EE9F419-409D-4F43-A541-BBBAD6FEDCA2}.Release|x64.Build.0 = Release|Any CPU
		{2EE9F419-409D-4F43-A541-BBBAD6FEDCA2}.Release|x86.ActiveCfg = Release|Any CPU
		{2EE9F419-409D-4F43-A541-BBBAD6FEDCA2}.Release|x86.Build.0 = Release|Any CPU
		{B4049A31-CEC8-4310-957D-1FBCBBDEC413}.Debug|Any CPU.ActiveCfg = Debug|Any CPU
		{B4049A31-CEC8-4310-957D-1FBCBBDEC413}.Debug|Any CPU.Build.0 = Debug|Any CPU
		{B4049A31-CEC8-4310-957D-1FBCBBDEC413}.Debug|x64.ActiveCfg = Debug|Any CPU
		{B4049A31-CEC8-4310-957D-1FBCBBDEC413}.Debug|x64.Build.0 = Debug|Any CPU
		{B4049A31-CEC8-4310-957D-1FBCBBDEC413}.Debug|x86.ActiveCfg = Debug|Any CPU
		{B4049A31-CEC8-4310-957D-1FBCBBDEC413}.Debug|x86.Build.0 = Debug|Any CPU
		{B4049A31-CEC8-4310-957D-1FBCBBDEC413}.Release|Any CPU.ActiveCfg = Release|Any CPU
		{B4049A31-CEC8-4310-957D-1FBCBBDEC413}.Release|Any CPU.Build.0 = Release|Any CPU
		{B4049A31-CEC8-4310-957D-1FBCBBDEC413}.Release|x64.ActiveCfg = Release|Any CPU
		{B4049A31-CEC8-4310-957D-1FBCBBDEC413}.Release|x64.Build.0 = Release|Any CPU
		{B4049A31-CEC8-4310-957D-1FBCBBDEC413}.Release|x86.ActiveCfg = Release|Any CPU
		{B4049A31-CEC8-4310-957D-1FBCBBDEC413}.Release|x86.Build.0 = Release|Any CPU
		{4D8EA982-3285-4637-9010-310FCA5B254A}.Debug|Any CPU.ActiveCfg = Debug|Any CPU
		{4D8EA982-3285-4637-9010-310FCA5B254A}.Debug|Any CPU.Build.0 = Debug|Any CPU
		{4D8EA982-3285-4637-9010-310FCA5B254A}.Debug|x64.ActiveCfg = Debug|Any CPU
		{4D8EA982-3285-4637-9010-310FCA5B254A}.Debug|x64.Build.0 = Debug|Any CPU
		{4D8EA982-3285-4637-9010-310FCA5B254A}.Debug|x86.ActiveCfg = Debug|Any CPU
		{4D8EA982-3285-4637-9010-310FCA5B254A}.Debug|x86.Build.0 = Debug|Any CPU
		{4D8EA982-3285-4637-9010-310FCA5B254A}.Release|Any CPU.ActiveCfg = Release|Any CPU
		{4D8EA982-3285-4637-9010-310FCA5B254A}.Release|Any CPU.Build.0 = Release|Any CPU
		{4D8EA982-3285-4637-9010-310FCA5B254A}.Release|x64.ActiveCfg = Release|Any CPU
		{4D8EA982-3285-4637-9010-310FCA5B254A}.Release|x64.Build.0 = Release|Any CPU
		{4D8EA982-3285-4637-9010-310FCA5B254A}.Release|x86.ActiveCfg = Release|Any CPU
		{4D8EA982-3285-4637-9010-310FCA5B254A}.Release|x86.Build.0 = Release|Any CPU
		{97547BC0-435D-49D5-BFE2-01D245C3E73E}.Debug|Any CPU.ActiveCfg = Debug|Any CPU
		{97547BC0-435D-49D5-BFE2-01D245C3E73E}.Debug|Any CPU.Build.0 = Debug|Any CPU
		{97547BC0-435D-49D5-BFE2-01D245C3E73E}.Debug|x64.ActiveCfg = Debug|Any CPU
		{97547BC0-435D-49D5-BFE2-01D245C3E73E}.Debug|x64.Build.0 = Debug|Any CPU
		{97547BC0-435D-49D5-BFE2-01D245C3E73E}.Debug|x86.ActiveCfg = Debug|Any CPU
		{97547BC0-435D-49D5-BFE2-01D245C3E73E}.Debug|x86.Build.0 = Debug|Any CPU
		{97547BC0-435D-49D5-BFE2-01D245C3E73E}.Release|Any CPU.ActiveCfg = Release|Any CPU
		{97547BC0-435D-49D5-BFE2-01D245C3E73E}.Release|Any CPU.Build.0 = Release|Any CPU
		{97547BC0-435D-49D5-BFE2-01D245C3E73E}.Release|x64.ActiveCfg = Release|Any CPU
		{97547BC0-435D-49D5-BFE2-01D245C3E73E}.Release|x64.Build.0 = Release|Any CPU
		{97547BC0-435D-49D5-BFE2-01D245C3E73E}.Release|x86.ActiveCfg = Release|Any CPU
		{97547BC0-435D-49D5-BFE2-01D245C3E73E}.Release|x86.Build.0 = Release|Any CPU
		{D065CD06-4296-416A-B47D-274D0B5F82E9}.Debug|Any CPU.ActiveCfg = Debug|Any CPU
		{D065CD06-4296-416A-B47D-274D0B5F82E9}.Debug|Any CPU.Build.0 = Debug|Any CPU
		{D065CD06-4296-416A-B47D-274D0B5F82E9}.Debug|x64.ActiveCfg = Debug|Any CPU
		{D065CD06-4296-416A-B47D-274D0B5F82E9}.Debug|x64.Build.0 = Debug|Any CPU
		{D065CD06-4296-416A-B47D-274D0B5F82E9}.Debug|x86.ActiveCfg = Debug|Any CPU
		{D065CD06-4296-416A-B47D-274D0B5F82E9}.Debug|x86.Build.0 = Debug|Any CPU
		{D065CD06-4296-416A-B47D-274D0B5F82E9}.Release|Any CPU.ActiveCfg = Release|Any CPU
		{D065CD06-4296-416A-B47D-274D0B5F82E9}.Release|Any CPU.Build.0 = Release|Any CPU
		{D065CD06-4296-416A-B47D-274D0B5F82E9}.Release|x64.ActiveCfg = Release|Any CPU
		{D065CD06-4296-416A-B47D-274D0B5F82E9}.Release|x64.Build.0 = Release|Any CPU
		{D065CD06-4296-416A-B47D-274D0B5F82E9}.Release|x86.ActiveCfg = Release|Any CPU
		{D065CD06-4296-416A-B47D-274D0B5F82E9}.Release|x86.Build.0 = Release|Any CPU
		{381A72E9-DD7B-45CE-BCEC-D70DC3BEAAEC}.Debug|Any CPU.ActiveCfg = Debug|Any CPU
		{381A72E9-DD7B-45CE-BCEC-D70DC3BEAAEC}.Debug|Any CPU.Build.0 = Debug|Any CPU
		{381A72E9-DD7B-45CE-BCEC-D70DC3BEAAEC}.Debug|x64.ActiveCfg = Debug|Any CPU
		{381A72E9-DD7B-45CE-BCEC-D70DC3BEAAEC}.Debug|x64.Build.0 = Debug|Any CPU
		{381A72E9-DD7B-45CE-BCEC-D70DC3BEAAEC}.Debug|x86.ActiveCfg = Debug|Any CPU
		{381A72E9-DD7B-45CE-BCEC-D70DC3BEAAEC}.Debug|x86.Build.0 = Debug|Any CPU
		{381A72E9-DD7B-45CE-BCEC-D70DC3BEAAEC}.Release|Any CPU.ActiveCfg = Release|Any CPU
		{381A72E9-DD7B-45CE-BCEC-D70DC3BEAAEC}.Release|Any CPU.Build.0 = Release|Any CPU
		{381A72E9-DD7B-45CE-BCEC-D70DC3BEAAEC}.Release|x64.ActiveCfg = Release|Any CPU
		{381A72E9-DD7B-45CE-BCEC-D70DC3BEAAEC}.Release|x64.Build.0 = Release|Any CPU
		{381A72E9-DD7B-45CE-BCEC-D70DC3BEAAEC}.Release|x86.ActiveCfg = Release|Any CPU
		{381A72E9-DD7B-45CE-BCEC-D70DC3BEAAEC}.Release|x86.Build.0 = Release|Any CPU
		{EEDF9F97-98D4-465E-B8FB-0DDAE9219F72}.Debug|Any CPU.ActiveCfg = Debug|Any CPU
		{EEDF9F97-98D4-465E-B8FB-0DDAE9219F72}.Debug|Any CPU.Build.0 = Debug|Any CPU
		{EEDF9F97-98D4-465E-B8FB-0DDAE9219F72}.Debug|x64.ActiveCfg = Debug|Any CPU
		{EEDF9F97-98D4-465E-B8FB-0DDAE9219F72}.Debug|x64.Build.0 = Debug|Any CPU
		{EEDF9F97-98D4-465E-B8FB-0DDAE9219F72}.Debug|x86.ActiveCfg = Debug|Any CPU
		{EEDF9F97-98D4-465E-B8FB-0DDAE9219F72}.Debug|x86.Build.0 = Debug|Any CPU
		{EEDF9F97-98D4-465E-B8FB-0DDAE9219F72}.Release|Any CPU.ActiveCfg = Release|Any CPU
		{EEDF9F97-98D4-465E-B8FB-0DDAE9219F72}.Release|Any CPU.Build.0 = Release|Any CPU
		{EEDF9F97-98D4-465E-B8FB-0DDAE9219F72}.Release|x64.ActiveCfg = Release|Any CPU
		{EEDF9F97-98D4-465E-B8FB-0DDAE9219F72}.Release|x64.Build.0 = Release|Any CPU
		{EEDF9F97-98D4-465E-B8FB-0DDAE9219F72}.Release|x86.ActiveCfg = Release|Any CPU
		{EEDF9F97-98D4-465E-B8FB-0DDAE9219F72}.Release|x86.Build.0 = Release|Any CPU
		{456B57D9-E3F7-46DF-AA27-5518C7647FD1}.Debug|Any CPU.ActiveCfg = Debug|Any CPU
		{456B57D9-E3F7-46DF-AA27-5518C7647FD1}.Debug|Any CPU.Build.0 = Debug|Any CPU
		{456B57D9-E3F7-46DF-AA27-5518C7647FD1}.Debug|x64.ActiveCfg = Debug|Any CPU
		{456B57D9-E3F7-46DF-AA27-5518C7647FD1}.Debug|x64.Build.0 = Debug|Any CPU
		{456B57D9-E3F7-46DF-AA27-5518C7647FD1}.Debug|x86.ActiveCfg = Debug|Any CPU
		{456B57D9-E3F7-46DF-AA27-5518C7647FD1}.Debug|x86.Build.0 = Debug|Any CPU
		{456B57D9-E3F7-46DF-AA27-5518C7647FD1}.Release|Any CPU.ActiveCfg = Release|Any CPU
		{456B57D9-E3F7-46DF-AA27-5518C7647FD1}.Release|Any CPU.Build.0 = Release|Any CPU
		{456B57D9-E3F7-46DF-AA27-5518C7647FD1}.Release|x64.ActiveCfg = Release|Any CPU
		{456B57D9-E3F7-46DF-AA27-5518C7647FD1}.Release|x64.Build.0 = Release|Any CPU
		{456B57D9-E3F7-46DF-AA27-5518C7647FD1}.Release|x86.ActiveCfg = Release|Any CPU
		{456B57D9-E3F7-46DF-AA27-5518C7647FD1}.Release|x86.Build.0 = Release|Any CPU
		{B267E37A-96A5-418D-9A86-76C19564D205}.Debug|Any CPU.ActiveCfg = Debug|Any CPU
		{B267E37A-96A5-418D-9A86-76C19564D205}.Debug|Any CPU.Build.0 = Debug|Any CPU
		{B267E37A-96A5-418D-9A86-76C19564D205}.Debug|x64.ActiveCfg = Debug|Any CPU
		{B267E37A-96A5-418D-9A86-76C19564D205}.Debug|x64.Build.0 = Debug|Any CPU
		{B267E37A-96A5-418D-9A86-76C19564D205}.Debug|x86.ActiveCfg = Debug|Any CPU
		{B267E37A-96A5-418D-9A86-76C19564D205}.Debug|x86.Build.0 = Debug|Any CPU
		{B267E37A-96A5-418D-9A86-76C19564D205}.Release|Any CPU.ActiveCfg = Release|Any CPU
		{B267E37A-96A5-418D-9A86-76C19564D205}.Release|Any CPU.Build.0 = Release|Any CPU
		{B267E37A-96A5-418D-9A86-76C19564D205}.Release|x64.ActiveCfg = Release|Any CPU
		{B267E37A-96A5-418D-9A86-76C19564D205}.Release|x64.Build.0 = Release|Any CPU
		{B267E37A-96A5-418D-9A86-76C19564D205}.Release|x86.ActiveCfg = Release|Any CPU
		{B267E37A-96A5-418D-9A86-76C19564D205}.Release|x86.Build.0 = Release|Any CPU
		{370CBE6A-76A2-4F49-BCD9-68FC79ED4171}.Debug|Any CPU.ActiveCfg = Debug|Any CPU
		{370CBE6A-76A2-4F49-BCD9-68FC79ED4171}.Debug|Any CPU.Build.0 = Debug|Any CPU
		{370CBE6A-76A2-4F49-BCD9-68FC79ED4171}.Debug|x64.ActiveCfg = Debug|Any CPU
		{370CBE6A-76A2-4F49-BCD9-68FC79ED4171}.Debug|x64.Build.0 = Debug|Any CPU
		{370CBE6A-76A2-4F49-BCD9-68FC79ED4171}.Debug|x86.ActiveCfg = Debug|Any CPU
		{370CBE6A-76A2-4F49-BCD9-68FC79ED4171}.Debug|x86.Build.0 = Debug|Any CPU
		{370CBE6A-76A2-4F49-BCD9-68FC79ED4171}.Release|Any CPU.ActiveCfg = Release|Any CPU
		{370CBE6A-76A2-4F49-BCD9-68FC79ED4171}.Release|Any CPU.Build.0 = Release|Any CPU
		{370CBE6A-76A2-4F49-BCD9-68FC79ED4171}.Release|x64.ActiveCfg = Release|Any CPU
		{370CBE6A-76A2-4F49-BCD9-68FC79ED4171}.Release|x64.Build.0 = Release|Any CPU
		{370CBE6A-76A2-4F49-BCD9-68FC79ED4171}.Release|x86.ActiveCfg = Release|Any CPU
		{370CBE6A-76A2-4F49-BCD9-68FC79ED4171}.Release|x86.Build.0 = Release|Any CPU
		{6017E174-2FC3-4BE9-9279-855BA7481AF3}.Debug|Any CPU.ActiveCfg = Debug|Any CPU
		{6017E174-2FC3-4BE9-9279-855BA7481AF3}.Debug|Any CPU.Build.0 = Debug|Any CPU
		{6017E174-2FC3-4BE9-9279-855BA7481AF3}.Debug|x64.ActiveCfg = Debug|Any CPU
		{6017E174-2FC3-4BE9-9279-855BA7481AF3}.Debug|x64.Build.0 = Debug|Any CPU
		{6017E174-2FC3-4BE9-9279-855BA7481AF3}.Debug|x86.ActiveCfg = Debug|Any CPU
		{6017E174-2FC3-4BE9-9279-855BA7481AF3}.Debug|x86.Build.0 = Debug|Any CPU
		{6017E174-2FC3-4BE9-9279-855BA7481AF3}.Release|Any CPU.ActiveCfg = Release|Any CPU
		{6017E174-2FC3-4BE9-9279-855BA7481AF3}.Release|Any CPU.Build.0 = Release|Any CPU
		{6017E174-2FC3-4BE9-9279-855BA7481AF3}.Release|x64.ActiveCfg = Release|Any CPU
		{6017E174-2FC3-4BE9-9279-855BA7481AF3}.Release|x64.Build.0 = Release|Any CPU
		{6017E174-2FC3-4BE9-9279-855BA7481AF3}.Release|x86.ActiveCfg = Release|Any CPU
		{6017E174-2FC3-4BE9-9279-855BA7481AF3}.Release|x86.Build.0 = Release|Any CPU
		{E10E3BFC-F5C8-4E70-AC3C-1DC6743BD4D8}.Debug|Any CPU.ActiveCfg = Debug|Any CPU
		{E10E3BFC-F5C8-4E70-AC3C-1DC6743BD4D8}.Debug|Any CPU.Build.0 = Debug|Any CPU
		{E10E3BFC-F5C8-4E70-AC3C-1DC6743BD4D8}.Debug|x64.ActiveCfg = Debug|Any CPU
		{E10E3BFC-F5C8-4E70-AC3C-1DC6743BD4D8}.Debug|x64.Build.0 = Debug|Any CPU
		{E10E3BFC-F5C8-4E70-AC3C-1DC6743BD4D8}.Debug|x86.ActiveCfg = Debug|Any CPU
		{E10E3BFC-F5C8-4E70-AC3C-1DC6743BD4D8}.Debug|x86.Build.0 = Debug|Any CPU
		{E10E3BFC-F5C8-4E70-AC3C-1DC6743BD4D8}.Release|Any CPU.ActiveCfg = Release|Any CPU
		{E10E3BFC-F5C8-4E70-AC3C-1DC6743BD4D8}.Release|Any CPU.Build.0 = Release|Any CPU
		{E10E3BFC-F5C8-4E70-AC3C-1DC6743BD4D8}.Release|x64.ActiveCfg = Release|Any CPU
		{E10E3BFC-F5C8-4E70-AC3C-1DC6743BD4D8}.Release|x64.Build.0 = Release|Any CPU
		{E10E3BFC-F5C8-4E70-AC3C-1DC6743BD4D8}.Release|x86.ActiveCfg = Release|Any CPU
		{E10E3BFC-F5C8-4E70-AC3C-1DC6743BD4D8}.Release|x86.Build.0 = Release|Any CPU
		{D902FBA8-5B07-452E-9A0B-3381D49ABB9B}.Debug|Any CPU.ActiveCfg = Debug|Any CPU
		{D902FBA8-5B07-452E-9A0B-3381D49ABB9B}.Debug|Any CPU.Build.0 = Debug|Any CPU
		{D902FBA8-5B07-452E-9A0B-3381D49ABB9B}.Debug|x64.ActiveCfg = Debug|Any CPU
		{D902FBA8-5B07-452E-9A0B-3381D49ABB9B}.Debug|x64.Build.0 = Debug|Any CPU
		{D902FBA8-5B07-452E-9A0B-3381D49ABB9B}.Debug|x86.ActiveCfg = Debug|Any CPU
		{D902FBA8-5B07-452E-9A0B-3381D49ABB9B}.Debug|x86.Build.0 = Debug|Any CPU
		{D902FBA8-5B07-452E-9A0B-3381D49ABB9B}.Release|Any CPU.ActiveCfg = Release|Any CPU
		{D902FBA8-5B07-452E-9A0B-3381D49ABB9B}.Release|Any CPU.Build.0 = Release|Any CPU
		{D902FBA8-5B07-452E-9A0B-3381D49ABB9B}.Release|x64.ActiveCfg = Release|Any CPU
		{D902FBA8-5B07-452E-9A0B-3381D49ABB9B}.Release|x64.Build.0 = Release|Any CPU
		{D902FBA8-5B07-452E-9A0B-3381D49ABB9B}.Release|x86.ActiveCfg = Release|Any CPU
		{D902FBA8-5B07-452E-9A0B-3381D49ABB9B}.Release|x86.Build.0 = Release|Any CPU
		{7780907C-CABF-4CCD-9039-7C17CC7391F9}.Debug|Any CPU.ActiveCfg = Debug|Any CPU
		{7780907C-CABF-4CCD-9039-7C17CC7391F9}.Debug|Any CPU.Build.0 = Debug|Any CPU
		{7780907C-CABF-4CCD-9039-7C17CC7391F9}.Debug|x64.ActiveCfg = Debug|Any CPU
		{7780907C-CABF-4CCD-9039-7C17CC7391F9}.Debug|x64.Build.0 = Debug|Any CPU
		{7780907C-CABF-4CCD-9039-7C17CC7391F9}.Debug|x86.ActiveCfg = Debug|Any CPU
		{7780907C-CABF-4CCD-9039-7C17CC7391F9}.Debug|x86.Build.0 = Debug|Any CPU
		{7780907C-CABF-4CCD-9039-7C17CC7391F9}.Release|Any CPU.ActiveCfg = Release|Any CPU
		{7780907C-CABF-4CCD-9039-7C17CC7391F9}.Release|Any CPU.Build.0 = Release|Any CPU
		{7780907C-CABF-4CCD-9039-7C17CC7391F9}.Release|x64.ActiveCfg = Release|Any CPU
		{7780907C-CABF-4CCD-9039-7C17CC7391F9}.Release|x64.Build.0 = Release|Any CPU
		{7780907C-CABF-4CCD-9039-7C17CC7391F9}.Release|x86.ActiveCfg = Release|Any CPU
		{7780907C-CABF-4CCD-9039-7C17CC7391F9}.Release|x86.Build.0 = Release|Any CPU
		{555A87B1-5FFE-4F24-B665-160693901D25}.Debug|Any CPU.ActiveCfg = Debug|Any CPU
		{555A87B1-5FFE-4F24-B665-160693901D25}.Debug|Any CPU.Build.0 = Debug|Any CPU
		{555A87B1-5FFE-4F24-B665-160693901D25}.Debug|x64.ActiveCfg = Debug|Any CPU
		{555A87B1-5FFE-4F24-B665-160693901D25}.Debug|x64.Build.0 = Debug|Any CPU
		{555A87B1-5FFE-4F24-B665-160693901D25}.Debug|x86.ActiveCfg = Debug|Any CPU
		{555A87B1-5FFE-4F24-B665-160693901D25}.Debug|x86.Build.0 = Debug|Any CPU
		{555A87B1-5FFE-4F24-B665-160693901D25}.Release|Any CPU.ActiveCfg = Release|Any CPU
		{555A87B1-5FFE-4F24-B665-160693901D25}.Release|Any CPU.Build.0 = Release|Any CPU
		{555A87B1-5FFE-4F24-B665-160693901D25}.Release|x64.ActiveCfg = Release|Any CPU
		{555A87B1-5FFE-4F24-B665-160693901D25}.Release|x64.Build.0 = Release|Any CPU
		{555A87B1-5FFE-4F24-B665-160693901D25}.Release|x86.ActiveCfg = Release|Any CPU
		{555A87B1-5FFE-4F24-B665-160693901D25}.Release|x86.Build.0 = Release|Any CPU
		{FD4B4018-7283-41DB-AC57-AB62760269FB}.Debug|Any CPU.ActiveCfg = Debug|Any CPU
		{FD4B4018-7283-41DB-AC57-AB62760269FB}.Debug|Any CPU.Build.0 = Debug|Any CPU
		{FD4B4018-7283-41DB-AC57-AB62760269FB}.Debug|x64.ActiveCfg = Debug|Any CPU
		{FD4B4018-7283-41DB-AC57-AB62760269FB}.Debug|x64.Build.0 = Debug|Any CPU
		{FD4B4018-7283-41DB-AC57-AB62760269FB}.Debug|x86.ActiveCfg = Debug|Any CPU
		{FD4B4018-7283-41DB-AC57-AB62760269FB}.Debug|x86.Build.0 = Debug|Any CPU
		{FD4B4018-7283-41DB-AC57-AB62760269FB}.Release|Any CPU.ActiveCfg = Release|Any CPU
		{FD4B4018-7283-41DB-AC57-AB62760269FB}.Release|Any CPU.Build.0 = Release|Any CPU
		{FD4B4018-7283-41DB-AC57-AB62760269FB}.Release|x64.ActiveCfg = Release|Any CPU
		{FD4B4018-7283-41DB-AC57-AB62760269FB}.Release|x64.Build.0 = Release|Any CPU
		{FD4B4018-7283-41DB-AC57-AB62760269FB}.Release|x86.ActiveCfg = Release|Any CPU
		{FD4B4018-7283-41DB-AC57-AB62760269FB}.Release|x86.Build.0 = Release|Any CPU
		{84DB61D5-C2DC-40D7-A67B-1729E85F7DF3}.Debug|Any CPU.ActiveCfg = Debug|Any CPU
		{84DB61D5-C2DC-40D7-A67B-1729E85F7DF3}.Debug|Any CPU.Build.0 = Debug|Any CPU
		{84DB61D5-C2DC-40D7-A67B-1729E85F7DF3}.Debug|x64.ActiveCfg = Debug|Any CPU
		{84DB61D5-C2DC-40D7-A67B-1729E85F7DF3}.Debug|x64.Build.0 = Debug|Any CPU
		{84DB61D5-C2DC-40D7-A67B-1729E85F7DF3}.Debug|x86.ActiveCfg = Debug|Any CPU
		{84DB61D5-C2DC-40D7-A67B-1729E85F7DF3}.Debug|x86.Build.0 = Debug|Any CPU
		{84DB61D5-C2DC-40D7-A67B-1729E85F7DF3}.Release|Any CPU.ActiveCfg = Release|Any CPU
		{84DB61D5-C2DC-40D7-A67B-1729E85F7DF3}.Release|Any CPU.Build.0 = Release|Any CPU
		{84DB61D5-C2DC-40D7-A67B-1729E85F7DF3}.Release|x64.ActiveCfg = Release|Any CPU
		{84DB61D5-C2DC-40D7-A67B-1729E85F7DF3}.Release|x64.Build.0 = Release|Any CPU
		{84DB61D5-C2DC-40D7-A67B-1729E85F7DF3}.Release|x86.ActiveCfg = Release|Any CPU
		{84DB61D5-C2DC-40D7-A67B-1729E85F7DF3}.Release|x86.Build.0 = Release|Any CPU
		{8A98B2B8-92E6-4649-92D7-77FB11E3C9C8}.Debug|Any CPU.ActiveCfg = Debug|Any CPU
		{8A98B2B8-92E6-4649-92D7-77FB11E3C9C8}.Debug|Any CPU.Build.0 = Debug|Any CPU
		{8A98B2B8-92E6-4649-92D7-77FB11E3C9C8}.Debug|x64.ActiveCfg = Debug|Any CPU
		{8A98B2B8-92E6-4649-92D7-77FB11E3C9C8}.Debug|x64.Build.0 = Debug|Any CPU
		{8A98B2B8-92E6-4649-92D7-77FB11E3C9C8}.Debug|x86.ActiveCfg = Debug|Any CPU
		{8A98B2B8-92E6-4649-92D7-77FB11E3C9C8}.Debug|x86.Build.0 = Debug|Any CPU
		{8A98B2B8-92E6-4649-92D7-77FB11E3C9C8}.Release|Any CPU.ActiveCfg = Release|Any CPU
		{8A98B2B8-92E6-4649-92D7-77FB11E3C9C8}.Release|Any CPU.Build.0 = Release|Any CPU
		{8A98B2B8-92E6-4649-92D7-77FB11E3C9C8}.Release|x64.ActiveCfg = Release|Any CPU
		{8A98B2B8-92E6-4649-92D7-77FB11E3C9C8}.Release|x64.Build.0 = Release|Any CPU
		{8A98B2B8-92E6-4649-92D7-77FB11E3C9C8}.Release|x86.ActiveCfg = Release|Any CPU
		{8A98B2B8-92E6-4649-92D7-77FB11E3C9C8}.Release|x86.Build.0 = Release|Any CPU
	EndGlobalSection
	GlobalSection(SolutionProperties) = preSolution
		HideSolutionNode = FALSE
	EndGlobalSection
	GlobalSection(NestedProjects) = preSolution
		{E1FC2C30-1730-4354-A80D-28051FCE0A8F} = {EBF19CC8-39E4-490E-8BAB-4B0C2FADAC98}
		{D819E99A-297C-4415-94A8-584D96A411EB} = {E1FC2C30-1730-4354-A80D-28051FCE0A8F}
		{BC1F1EF3-7152-4284-9EDA-AAE8825388A3} = {EBF19CC8-39E4-490E-8BAB-4B0C2FADAC98}
		{29BDDFB0-54FA-4057-BEC5-5B3DCD1DE212} = {BC1F1EF3-7152-4284-9EDA-AAE8825388A3}
		{09E88199-24C9-45BC-B043-7D636D4BCDF0} = {EBF19CC8-39E4-490E-8BAB-4B0C2FADAC98}
		{8FCED8D1-D6CC-44BC-9CDA-9F0C1C786453} = {09E88199-24C9-45BC-B043-7D636D4BCDF0}
		{79343A9E-5F1A-490C-AA3F-68B1F03A8CEF} = {EBF19CC8-39E4-490E-8BAB-4B0C2FADAC98}
		{DCB6AB5F-4B6F-4B2D-83CB-F539DA614A5E} = {79343A9E-5F1A-490C-AA3F-68B1F03A8CEF}
		{945EB98D-95C4-415B-8C00-C7682683FAA3} = {EBF19CC8-39E4-490E-8BAB-4B0C2FADAC98}
		{23683C7C-23E6-443C-AB41-3F28EA1B2FC0} = {945EB98D-95C4-415B-8C00-C7682683FAA3}
		{17ABC2A8-9E3B-4CE1-AD13-A3780B0B07F0} = {EBF19CC8-39E4-490E-8BAB-4B0C2FADAC98}
		{0B1AA7F3-09C4-4D8B-AB54-D500BF0B2537} = {17ABC2A8-9E3B-4CE1-AD13-A3780B0B07F0}
		{D9FA7414-F8AB-4195-A483-474BF96467E6} = {EBF19CC8-39E4-490E-8BAB-4B0C2FADAC98}
		{2EE9F419-409D-4F43-A541-BBBAD6FEDCA2} = {D9FA7414-F8AB-4195-A483-474BF96467E6}
		{520D01A8-B487-4B27-B33A-8ACB97F57BA5} = {EBF19CC8-39E4-490E-8BAB-4B0C2FADAC98}
		{B4049A31-CEC8-4310-957D-1FBCBBDEC413} = {520D01A8-B487-4B27-B33A-8ACB97F57BA5}
		{79E8F708-7806-4EF5-A8D9-22AE31053124} = {EBF19CC8-39E4-490E-8BAB-4B0C2FADAC98}
		{4D8EA982-3285-4637-9010-310FCA5B254A} = {79E8F708-7806-4EF5-A8D9-22AE31053124}
		{97547BC0-435D-49D5-BFE2-01D245C3E73E} = {E1FC2C30-1730-4354-A80D-28051FCE0A8F}
		{D065CD06-4296-416A-B47D-274D0B5F82E9} = {BC1F1EF3-7152-4284-9EDA-AAE8825388A3}
		{381A72E9-DD7B-45CE-BCEC-D70DC3BEAAEC} = {09E88199-24C9-45BC-B043-7D636D4BCDF0}
		{EEDF9F97-98D4-465E-B8FB-0DDAE9219F72} = {945EB98D-95C4-415B-8C00-C7682683FAA3}
		{456B57D9-E3F7-46DF-AA27-5518C7647FD1} = {17ABC2A8-9E3B-4CE1-AD13-A3780B0B07F0}
		{B267E37A-96A5-418D-9A86-76C19564D205} = {79343A9E-5F1A-490C-AA3F-68B1F03A8CEF}
		{370CBE6A-76A2-4F49-BCD9-68FC79ED4171} = {D9FA7414-F8AB-4195-A483-474BF96467E6}
		{6017E174-2FC3-4BE9-9279-855BA7481AF3} = {520D01A8-B487-4B27-B33A-8ACB97F57BA5}
		{E10E3BFC-F5C8-4E70-AC3C-1DC6743BD4D8} = {79E8F708-7806-4EF5-A8D9-22AE31053124}
		{D902FBA8-5B07-452E-9A0B-3381D49ABB9B} = {FD5B4D88-8BDA-4513-BBA1-9F31B9D64BB5}
		{7780907C-CABF-4CCD-9039-7C17CC7391F9} = {FD5B4D88-8BDA-4513-BBA1-9F31B9D64BB5}
		{EF1CA185-B3C8-4F0A-B134-1114CB51E97D} = {EBF19CC8-39E4-490E-8BAB-4B0C2FADAC98}
		{555A87B1-5FFE-4F24-B665-160693901D25} = {EF1CA185-B3C8-4F0A-B134-1114CB51E97D}
		{FD4B4018-7283-41DB-AC57-AB62760269FB} = {EF1CA185-B3C8-4F0A-B134-1114CB51E97D}
		{8B1B77AA-ED59-4B6F-8926-A65AAF28A713} = {B46172F1-8E97-4934-9969-3957B9129736}
		{98525275-1CA4-421F-AF18-12E906536814} = {8B1B77AA-ED59-4B6F-8926-A65AAF28A713}
		{84DB61D5-C2DC-40D7-A67B-1729E85F7DF3} = {98525275-1CA4-421F-AF18-12E906536814}
		{8A98B2B8-92E6-4649-92D7-77FB11E3C9C8} = {B46172F1-8E97-4934-9969-3957B9129736}
	EndGlobalSection
	GlobalSection(ExtensibilityGlobals) = postSolution
		SolutionGuid = {CE7AD0FF-F1D1-4E34-8DE8-FBB2E63AA49F}
	EndGlobalSection
EndGlobal
