
Microsoft Visual Studio Solution File, Format Version 12.00
# Visual Studio Version 16
VisualStudioVersion = 16.0.28803.202
MinimumVisualStudioVersion = 10.0.40219.1
Project("{9A19103F-16F7-4668-BE54-9A1E7A4F7556}") = "PresenceConnectionManager", "src\Servers\PresenceConnectionManager\PresenceConnectionManager.csproj", "{2756723C-4071-4EEA-851D-A23C0019E43A}"
EndProject
Project("{9A19103F-16F7-4668-BE54-9A1E7A4F7556}") = "Chat", "src\Servers\Chat\Chat.csproj", "{3672E2D6-0543-4512-9E1A-31B5FD96DC4B}"
EndProject
Project("{9A19103F-16F7-4668-BE54-9A1E7A4F7556}") = "PresenceSearchPlayer", "src\Servers\PresenceSearchPlayer\PresenceSearchPlayer.csproj", "{9361E0B4-684F-4AEF-8293-7DF6E3EB73A4}"
EndProject
Project("{9A19103F-16F7-4668-BE54-9A1E7A4F7556}") = "QueryReport", "src\Servers\QueryReport\QueryReport.csproj", "{C911D26F-4E16-44AA-9D84-3A27C3A08965}"
EndProject
Project("{9A19103F-16F7-4668-BE54-9A1E7A4F7556}") = "ServerBrowser", "src\Servers\ServerBrowser\ServerBrowser.csproj", "{F196BF99-E01A-4EAF-A418-A0077101D8B9}"
EndProject
Project("{2150E333-8FDC-42A3-9474-1A3956D46DE8}") = "Servers", "Servers", "{9F19D8DE-3F11-44BB-BDDA-897FA2CBDB2E}"
EndProject
Project("{9A19103F-16F7-4668-BE54-9A1E7A4F7556}") = "GameStatus", "src\Servers\GameStatus\GameStatus.csproj", "{1E16BA28-F6EA-4D85-98FC-73475764D8EA}"
EndProject
Project("{9A19103F-16F7-4668-BE54-9A1E7A4F7556}") = "CDKey", "src\Servers\CDKey\CDKey.csproj", "{C679E140-ED80-4D1E-BD94-C54C4158BDD5}"
EndProject
Project("{2150E333-8FDC-42A3-9474-1A3956D46DE8}") = "Libraries", "Libraries", "{3DC251C8-F841-4D22-81DB-A7D4D4C25F37}"
EndProject
Project("{9A19103F-16F7-4668-BE54-9A1E7A4F7556}") = "NatNegotiation", "src\Servers\NatNegotiation\NatNegotiation.csproj", "{45E0BDD3-B845-4EEB-953A-0C9D2E4BA740}"
EndProject
Project("{FAE04EC0-301F-11D3-BF4B-00C04F79EFBC}") = "UniSpyLib", "src\Libraries\UniSpyLib\UniSpyLib.csproj", "{5D63AEAE-0726-4A00-B85C-173BD60568AD}"
EndProject
Project("{2150E333-8FDC-42A3-9474-1A3956D46DE8}") = "src", "src", "{1EE5E825-4DDD-40BA-B81C-7FBC56BE5DBA}"
EndProject
Project("{2150E333-8FDC-42A3-9474-1A3956D46DE8}") = "Servers", "Servers", "{8710D226-D3E9-49E4-800A-0C044B9030E7}"
EndProject
Project("{FAE04EC0-301F-11D3-BF4B-00C04F79EFBC}") = "WebServer", "src\Servers\WebServer\WebServer.csproj", "{E659A9B4-9C55-4CB8-AD24-4789180192BC}"
EndProject
Global
	GlobalSection(SolutionConfigurationPlatforms) = preSolution
		Debug|Any CPU = Debug|Any CPU
		Release|Any CPU = Release|Any CPU
	EndGlobalSection
	GlobalSection(ProjectConfigurationPlatforms) = postSolution
		{2756723C-4071-4EEA-851D-A23C0019E43A}.Debug|Any CPU.ActiveCfg = Debug|Any CPU
		{2756723C-4071-4EEA-851D-A23C0019E43A}.Debug|Any CPU.Build.0 = Debug|Any CPU
		{2756723C-4071-4EEA-851D-A23C0019E43A}.Release|Any CPU.ActiveCfg = Release|Any CPU
		{2756723C-4071-4EEA-851D-A23C0019E43A}.Release|Any CPU.Build.0 = Release|Any CPU
		{3672E2D6-0543-4512-9E1A-31B5FD96DC4B}.Debug|Any CPU.ActiveCfg = Debug|Any CPU
		{3672E2D6-0543-4512-9E1A-31B5FD96DC4B}.Debug|Any CPU.Build.0 = Debug|Any CPU
		{3672E2D6-0543-4512-9E1A-31B5FD96DC4B}.Release|Any CPU.ActiveCfg = Release|Any CPU
		{3672E2D6-0543-4512-9E1A-31B5FD96DC4B}.Release|Any CPU.Build.0 = Release|Any CPU
		{9361E0B4-684F-4AEF-8293-7DF6E3EB73A4}.Debug|Any CPU.ActiveCfg = Debug|Any CPU
		{9361E0B4-684F-4AEF-8293-7DF6E3EB73A4}.Debug|Any CPU.Build.0 = Debug|Any CPU
		{9361E0B4-684F-4AEF-8293-7DF6E3EB73A4}.Release|Any CPU.ActiveCfg = Release|Any CPU
		{9361E0B4-684F-4AEF-8293-7DF6E3EB73A4}.Release|Any CPU.Build.0 = Release|Any CPU
		{C911D26F-4E16-44AA-9D84-3A27C3A08965}.Debug|Any CPU.ActiveCfg = Debug|Any CPU
		{C911D26F-4E16-44AA-9D84-3A27C3A08965}.Debug|Any CPU.Build.0 = Debug|Any CPU
		{C911D26F-4E16-44AA-9D84-3A27C3A08965}.Release|Any CPU.ActiveCfg = Release|Any CPU
		{C911D26F-4E16-44AA-9D84-3A27C3A08965}.Release|Any CPU.Build.0 = Release|Any CPU
		{F196BF99-E01A-4EAF-A418-A0077101D8B9}.Debug|Any CPU.ActiveCfg = Debug|Any CPU
		{F196BF99-E01A-4EAF-A418-A0077101D8B9}.Debug|Any CPU.Build.0 = Debug|Any CPU
		{F196BF99-E01A-4EAF-A418-A0077101D8B9}.Release|Any CPU.ActiveCfg = Release|Any CPU
		{F196BF99-E01A-4EAF-A418-A0077101D8B9}.Release|Any CPU.Build.0 = Release|Any CPU
		{1E16BA28-F6EA-4D85-98FC-73475764D8EA}.Debug|Any CPU.ActiveCfg = Debug|Any CPU
		{1E16BA28-F6EA-4D85-98FC-73475764D8EA}.Debug|Any CPU.Build.0 = Debug|Any CPU
		{1E16BA28-F6EA-4D85-98FC-73475764D8EA}.Release|Any CPU.ActiveCfg = Release|Any CPU
		{1E16BA28-F6EA-4D85-98FC-73475764D8EA}.Release|Any CPU.Build.0 = Release|Any CPU
		{C679E140-ED80-4D1E-BD94-C54C4158BDD5}.Debug|Any CPU.ActiveCfg = Debug|Any CPU
		{C679E140-ED80-4D1E-BD94-C54C4158BDD5}.Debug|Any CPU.Build.0 = Debug|Any CPU
		{C679E140-ED80-4D1E-BD94-C54C4158BDD5}.Release|Any CPU.ActiveCfg = Release|Any CPU
		{C679E140-ED80-4D1E-BD94-C54C4158BDD5}.Release|Any CPU.Build.0 = Release|Any CPU
		{CDB3EC25-B4DB-4914-8553-42D002AFF275}.Debug|Any CPU.ActiveCfg = Debug|Any CPU
		{CDB3EC25-B4DB-4914-8553-42D002AFF275}.Debug|Any CPU.Build.0 = Debug|Any CPU
		{CDB3EC25-B4DB-4914-8553-42D002AFF275}.Release|Any CPU.ActiveCfg = Release|Any CPU
		{CDB3EC25-B4DB-4914-8553-42D002AFF275}.Release|Any CPU.Build.0 = Release|Any CPU
		{45E0BDD3-B845-4EEB-953A-0C9D2E4BA740}.Debug|Any CPU.ActiveCfg = Debug|Any CPU
		{45E0BDD3-B845-4EEB-953A-0C9D2E4BA740}.Debug|Any CPU.Build.0 = Debug|Any CPU
		{45E0BDD3-B845-4EEB-953A-0C9D2E4BA740}.Release|Any CPU.ActiveCfg = Release|Any CPU
		{45E0BDD3-B845-4EEB-953A-0C9D2E4BA740}.Release|Any CPU.Build.0 = Release|Any CPU
		{5D63AEAE-0726-4A00-B85C-173BD60568AD}.Debug|Any CPU.ActiveCfg = Debug|Any CPU
		{5D63AEAE-0726-4A00-B85C-173BD60568AD}.Debug|Any CPU.Build.0 = Debug|Any CPU
		{5D63AEAE-0726-4A00-B85C-173BD60568AD}.Release|Any CPU.ActiveCfg = Release|Any CPU
		{5D63AEAE-0726-4A00-B85C-173BD60568AD}.Release|Any CPU.Build.0 = Release|Any CPU
		{E659A9B4-9C55-4CB8-AD24-4789180192BC}.Debug|Any CPU.ActiveCfg = Debug|Any CPU
		{E659A9B4-9C55-4CB8-AD24-4789180192BC}.Debug|Any CPU.Build.0 = Debug|Any CPU
		{E659A9B4-9C55-4CB8-AD24-4789180192BC}.Release|Any CPU.ActiveCfg = Release|Any CPU
		{E659A9B4-9C55-4CB8-AD24-4789180192BC}.Release|Any CPU.Build.0 = Release|Any CPU
	EndGlobalSection
	GlobalSection(SolutionProperties) = preSolution
		HideSolutionNode = FALSE
	EndGlobalSection
	GlobalSection(NestedProjects) = preSolution
		{2756723C-4071-4EEA-851D-A23C0019E43A} = {9F19D8DE-3F11-44BB-BDDA-897FA2CBDB2E}
		{3672E2D6-0543-4512-9E1A-31B5FD96DC4B} = {9F19D8DE-3F11-44BB-BDDA-897FA2CBDB2E}
		{9361E0B4-684F-4AEF-8293-7DF6E3EB73A4} = {9F19D8DE-3F11-44BB-BDDA-897FA2CBDB2E}
		{C911D26F-4E16-44AA-9D84-3A27C3A08965} = {9F19D8DE-3F11-44BB-BDDA-897FA2CBDB2E}
		{F196BF99-E01A-4EAF-A418-A0077101D8B9} = {9F19D8DE-3F11-44BB-BDDA-897FA2CBDB2E}
		{1E16BA28-F6EA-4D85-98FC-73475764D8EA} = {9F19D8DE-3F11-44BB-BDDA-897FA2CBDB2E}
		{C679E140-ED80-4D1E-BD94-C54C4158BDD5} = {9F19D8DE-3F11-44BB-BDDA-897FA2CBDB2E}
		{45E0BDD3-B845-4EEB-953A-0C9D2E4BA740} = {9F19D8DE-3F11-44BB-BDDA-897FA2CBDB2E}
		{5D63AEAE-0726-4A00-B85C-173BD60568AD} = {3DC251C8-F841-4D22-81DB-A7D4D4C25F37}
		{8710D226-D3E9-49E4-800A-0C044B9030E7} = {1EE5E825-4DDD-40BA-B81C-7FBC56BE5DBA}
		{E659A9B4-9C55-4CB8-AD24-4789180192BC} = {8710D226-D3E9-49E4-800A-0C044B9030E7}
	EndGlobalSection
	GlobalSection(ExtensibilityGlobals) = postSolution
		SolutionGuid = {F286A822-2C93-4C46-B8BA-FF1C4847B719}
	EndGlobalSection
EndGlobal
